<?xml version="1.0" encoding="utf-8"?>
<Project ToolsVersion="4.0" xmlns="http://schemas.microsoft.com/developer/msbuild/2003">
  <ItemGroup>
    <ClCompile Include=".\MaterialXSIPlugin.cpp" />
    <ClCompile Include="utilities\logging.cpp">
      <Filter>utilities</Filter>
    </ClCompile>
    <ClCompile Include="export\export.cpp">
      <Filter>export</Filter>
    </ClCompile>
    <ClCompile Include="export\export_material.cpp">
      <Filter>export</Filter>
    </ClCompile>
    <ClCompile Include="export\export_utilities.cpp">
      <Filter>export</Filter>
    </ClCompile>
    <ClCompile Include="export\export_node.cpp">
      <Filter>export</Filter>
    </ClCompile>
    <ClCompile Include="export\export_names.cpp">
      <Filter>export</Filter>
    </ClCompile>
    <ClCompile Include="utilities\array.cpp">
      <Filter>utilities</Filter>
    </ClCompile>
    <ClCompile Include="parse\parse.cpp">
      <Filter>parse</Filter>
    </ClCompile>
    <ClCompile Include="utilities\string.cpp">
      <Filter>utilities</Filter>
    </ClCompile>
    <ClCompile Include="parse\convert_types.cpp">
      <Filter>parse</Filter>
    </ClCompile>
    <ClCompile Include="export\export_generate.cpp">
      <Filter>export</Filter>
    </ClCompile>
    <ClCompile Include="materialxview\viewer.cpp">
      <Filter>materialxview</Filter>
    </ClCompile>
    <ClCompile Include="materialxview\controll.cpp">
      <Filter>materialxview</Filter>
    </ClCompile>
    <ClCompile Include="utilities\math.cpp">
      <Filter>utilities</Filter>
    </ClCompile>
    <ClCompile Include="materialxview\materialxview.cpp">
      <Filter>materialxview</Filter>
    </ClCompile>
    <ClCompile Include="materialxview\xsitomx_converter.cpp">
      <Filter>materialxview</Filter>
    </ClCompile>
    <ClCompile Include="extern\mikktspace.c">
      <Filter>extern</Filter>
    </ClCompile>
  </ItemGroup>
  <ItemGroup>
    <Filter Include="utilities">
      <UniqueIdentifier>{4400b2a6-ae2e-46cc-9db1-1a22f116e644}</UniqueIdentifier>
    </Filter>
    <Filter Include="export">
      <UniqueIdentifier>{ac966285-c725-4feb-b6d4-3f0bbd1b0bf5}</UniqueIdentifier>
    </Filter>
    <Filter Include="parse">
      <UniqueIdentifier>{1a806466-fc94-409c-b5c8-1df04e2fe654}</UniqueIdentifier>
    </Filter>
    <Filter Include="materialxview">
      <UniqueIdentifier>{11580e3c-a761-4428-ab0c-f5aa8d20a4bd}</UniqueIdentifier>
    </Filter>
    <Filter Include="extern">
      <UniqueIdentifier>{219f2704-20ea-4f60-a7c2-a1c82cc58db5}</UniqueIdentifier>
    </Filter>
  </ItemGroup>
  <ItemGroup>
    <ClInclude Include="utilities\logging.h">
      <Filter>utilities</Filter>
    </ClInclude>
    <ClInclude Include="export\export.h">
      <Filter>export</Filter>
    </ClInclude>
    <ClInclude Include="export\export_options.h">
      <Filter>export</Filter>
    </ClInclude>
    <ClInclude Include="export\export_utilities.h">
      <Filter>export</Filter>
    </ClInclude>
    <ClInclude Include="export\export_names.h">
      <Filter>export</Filter>
    </ClInclude>
    <ClInclude Include="utilities\array.h">
      <Filter>utilities</Filter>
    </ClInclude>
    <ClInclude Include="parse\parse.h">
      <Filter>parse</Filter>
    </ClInclude>
    <ClInclude Include="utilities\string.h">
      <Filter>utilities</Filter>
    </ClInclude>
    <ClInclude Include="parse\convert_types.h">
      <Filter>parse</Filter>
    </ClInclude>
    <ClInclude Include="export\export_format.h">
      <Filter>export</Filter>
    </ClInclude>
    <ClInclude Include="export\export_generate.h">
      <Filter>export</Filter>
    </ClInclude>
    <ClInclude Include="materialxview\materialxview.h">
      <Filter>materialxview</Filter>
    </ClInclude>
    <ClInclude Include="materialxview\viewer.h">
      <Filter>materialxview</Filter>
    </ClInclude>
    <ClInclude Include="materialxview\controll.h">
      <Filter>materialxview</Filter>
    </ClInclude>
    <ClInclude Include="utilities\math.h">
      <Filter>utilities</Filter>
    </ClInclude>
    <ClInclude Include="materialxview\xsitomx_converter.h">
      <Filter>materialxview</Filter>
    </ClInclude>
    <ClInclude Include="extern\SimpleIni.h">
      <Filter>extern</Filter>
    </ClInclude>
    <ClInclude Include="materialxview\text_strings.h">
      <Filter>materialxview</Filter>
    </ClInclude>
    <ClInclude Include="extern\mikktspace.h">
      <Filter>extern</Filter>
    </ClInclude>
  </ItemGroup>
</Project>